dependencies:
- name: redis
  repository: https://charts.bitnami.com/bitnami
  version: 16.9.10
- name: postgresql
  repository: https://charts.bitnami.com/bitnami
  version: 11.2.6
- name: common
  repository: https://charts.bitnami.com/bitnami
  version: 1.14.1
digest: sha256:74aab697688291e9cc38cb2982fc296f742ac767af7bbf821bcb819b79b910e7
generated: "2022-05-23T14:14:42.037818+02:00"
